// !$*UTF8*$!
{
	archiveVersion = 1;
	classes = {
	};
	objectVersion = 53;
	objects = {

/* Begin PBXBuildFile section */
		05020006B3CB5DF6CE96AC27 /* Pods_OcrDemo.framework in Frameworks */ = {isa = PBXBuildFile; fileRef = B7BFD9CCD0D6C2C0E0BD7FBA /* Pods_OcrDemo.framework */; };
		1F4517082924AA8300607DBC /* ScaledElementProcessor.swift in Sources */ = {isa = PBXBuildFile; fileRef = 1F4517072924AA8300607DBC /* ScaledElementProcessor.swift */; };
		1F8828162924AE9E007D5158 /* GoogleService-Info.plist in Resources */ = {isa = PBXBuildFile; fileRef = 1F8828152924AE9E007D5158 /* GoogleService-Info.plist */; };
		1FAC66C62923466000643E93 /* AppDelegate.swift in Sources */ = {isa = PBXBuildFile; fileRef = 1FAC66C52923466000643E93 /* AppDelegate.swift */; };
		1FAC66C82923466000643E93 /* SceneDelegate.swift in Sources */ = {isa = PBXBuildFile; fileRef = 1FAC66C72923466000643E93 /* SceneDelegate.swift */; };
		1FAC66CA2923466000643E93 /* ViewController.swift in Sources */ = {isa = PBXBuildFile; fileRef = 1FAC66C92923466000643E93 /* ViewController.swift */; };
		1FAC66CD2923466000643E93 /* Main.storyboard in Resources */ = {isa = PBXBuildFile; fileRef = 1FAC66CB2923466000643E93 /* Main.storyboard */; };
		1FAC66CF2923466200643E93 /* Assets.xcassets in Resources */ = {isa = PBXBuildFile; fileRef = 1FAC66CE2923466200643E93 /* Assets.xcassets */; };
		1FAC66D22923466200643E93 /* LaunchScreen.storyboard in Resources */ = {isa = PBXBuildFile; fileRef = 1FAC66D02923466200643E93 /* LaunchScreen.storyboard */; };
		1FD3F3032925F6F10091227C /* matchf.mp4 in Resources */ = {isa = PBXBuildFile; fileRef = 1FD3F3022925F6F10091227C /* matchf.mp4 */; };
/* End PBXBuildFile section */

/* Begin PBXFileReference section */
		0A81DF1E28F29F9EF76971CC /* Pods-OcrDemo.release.xcconfig */ = {isa = PBXFileReference; includeInIndex = 1; lastKnownFileType = text.xcconfig; name = "Pods-OcrDemo.release.xcconfig"; path = "Target Support Files/Pods-OcrDemo/Pods-OcrDemo.release.xcconfig"; sourceTree = "<group>"; };
		1F4517072924AA8300607DBC /* ScaledElementProcessor.swift */ = {isa = PBXFileReference; fileEncoding = 4; lastKnownFileType = sourcecode.swift; path = ScaledElementProcessor.swift; sourceTree = "<group>"; };
		1F8828152924AE9E007D5158 /* GoogleService-Info.plist */ = {isa = PBXFileReference; fileEncoding = 4; lastKnownFileType = text.plist.xml; path = "GoogleService-Info.plist"; sourceTree = "<group>"; };
		1FAC66C22923466000643E93 /* OcrDemo.app */ = {isa = PBXFileReference; explicitFileType = wrapper.application; includeInIndex = 0; path = OcrDemo.app; sourceTree = BUILT_PRODUCTS_DIR; };
		1FAC66C52923466000643E93 /* AppDelegate.swift */ = {isa = PBXFileReference; lastKnownFileType = sourcecode.swift; path = AppDelegate.swift; sourceTree = "<group>"; };
		1FAC66C72923466000643E93 /* SceneDelegate.swift */ = {isa = PBXFileReference; lastKnownFileType = sourcecode.swift; path = SceneDelegate.swift; sourceTree = "<group>"; };
		1FAC66C92923466000643E93 /* ViewController.swift */ = {isa = PBXFileReference; lastKnownFileType = sourcecode.swift; path = ViewController.swift; sourceTree = "<group>"; };
		1FAC66CC2923466000643E93 /* Base */ = {isa = PBXFileReference; lastKnownFileType = file.storyboard; name = Base; path = Base.lproj/Main.storyboard; sourceTree = "<group>"; };
		1FAC66CE2923466200643E93 /* Assets.xcassets */ = {isa = PBXFileReference; lastKnownFileType = folder.assetcatalog; path = Assets.xcassets; sourceTree = "<group>"; };
		1FAC66D12923466200643E93 /* Base */ = {isa = PBXFileReference; lastKnownFileType = file.storyboard; name = Base; path = Base.lproj/LaunchScreen.storyboard; sourceTree = "<group>"; };
		1FAC66D32923466200643E93 /* Info.plist */ = {isa = PBXFileReference; lastKnownFileType = text.plist.xml; path = Info.plist; sourceTree = "<group>"; };
		1FD3F3022925F6F10091227C /* matchf.mp4 */ = {isa = PBXFileReference; lastKnownFileType = file; path = matchf.mp4; sourceTree = "<group>"; };
		3CC9F7245D991E0A4558EFD1 /* Pods-OcrDemo.debug.xcconfig */ = {isa = PBXFileReference; includeInIndex = 1; lastKnownFileType = text.xcconfig; name = "Pods-OcrDemo.debug.xcconfig"; path = "Target Support Files/Pods-OcrDemo/Pods-OcrDemo.debug.xcconfig"; sourceTree = "<group>"; };
		B7BFD9CCD0D6C2C0E0BD7FBA /* Pods_OcrDemo.framework */ = {isa = PBXFileReference; explicitFileType = wrapper.framework; includeInIndex = 0; path = Pods_OcrDemo.framework; sourceTree = BUILT_PRODUCTS_DIR; };
/* End PBXFileReference section */

/* Begin PBXFrameworksBuildPhase section */
		1FAC66BF2923466000643E93 /* Frameworks */ = {
			isa = PBXFrameworksBuildPhase;
			buildActionMask = 2147483647;
			files = (
				05020006B3CB5DF6CE96AC27 /* Pods_OcrDemo.framework in Frameworks */,
			);
			runOnlyForDeploymentPostprocessing = 0;
		};
/* End PBXFrameworksBuildPhase section */

/* Begin PBXGroup section */
		1FAC66B92923466000643E93 = {
			isa = PBXGroup;
			children = (
				1FD3F3022925F6F10091227C /* matchf.mp4 */,
				1FAC66C42923466000643E93 /* OcrDemo */,
				1FAC66C32923466000643E93 /* Products */,
				78E1E72A822169B152AF2878 /* Pods */,
				B37552886C12FB47BDD255EF /* Frameworks */,
			);
			sourceTree = "<group>";
		};
		1FAC66C32923466000643E93 /* Products */ = {
			isa = PBXGroup;
			children = (
				1FAC66C22923466000643E93 /* OcrDemo.app */,
			);
			name = Products;
			sourceTree = "<group>";
		};
		1FAC66C42923466000643E93 /* OcrDemo */ = {
			isa = PBXGroup;
			children = (
				1FAC66C52923466000643E93 /* AppDelegate.swift */,
				1FAC66C72923466000643E93 /* SceneDelegate.swift */,
				1FAC66C92923466000643E93 /* ViewController.swift */,
				1F4517072924AA8300607DBC /* ScaledElementProcessor.swift */,
				1FAC66CB2923466000643E93 /* Main.storyboard */,
				1FAC66CE2923466200643E93 /* Assets.xcassets */,
				1FAC66D02923466200643E93 /* LaunchScreen.storyboard */,
				1F8828152924AE9E007D5158 /* GoogleService-Info.plist */,
				1FAC66D32923466200643E93 /* Info.plist */,
			);
			path = OcrDemo;
			sourceTree = "<group>";
		};
		78E1E72A822169B152AF2878 /* Pods */ = {
			isa = PBXGroup;
			children = (
				3CC9F7245D991E0A4558EFD1 /* Pods-OcrDemo.debug.xcconfig */,
				0A81DF1E28F29F9EF76971CC /* Pods-OcrDemo.release.xcconfig */,
			);
			path = Pods;
			sourceTree = "<group>";
		};
		B37552886C12FB47BDD255EF /* Frameworks */ = {
			isa = PBXGroup;
			children = (
				B7BFD9CCD0D6C2C0E0BD7FBA /* Pods_OcrDemo.framework */,
			);
			name = Frameworks;
			sourceTree = "<group>";
		};
/* End PBXGroup section */

/* Begin PBXNativeTarget section */
		1FAC66C12923466000643E93 /* OcrDemo */ = {
			isa = PBXNativeTarget;
			buildConfigurationList = 1FAC66D62923466200643E93 /* Build configuration list for PBXNativeTarget "OcrDemo" */;
			buildPhases = (
				08AD7DFBD029CCA6B25CAD06 /* [CP] Check Pods Manifest.lock */,
				1FAC66BE2923466000643E93 /* Sources */,
				1FAC66BF2923466000643E93 /* Frameworks */,
				1FAC66C02923466000643E93 /* Resources */,
				35338B454E382D76F1DD6454 /* [CP] Embed Pods Frameworks */,
				7DF4512BA286158075A64D46 /* [CP] Copy Pods Resources */,
			);
			buildRules = (
			);
			dependencies = (
			);
			name = OcrDemo;
			productName = OcrDemo;
			productReference = 1FAC66C22923466000643E93 /* OcrDemo.app */;
			productType = "com.apple.product-type.application";
		};
/* End PBXNativeTarget section */

/* Begin PBXProject section */
		1FAC66BA2923466000643E93 /* Project object */ = {
			isa = PBXProject;
			attributes = {
				BuildIndependentTargetsInParallel = 1;
				LastSwiftUpdateCheck = 1410;
				LastUpgradeCheck = 1410;
				TargetAttributes = {
					1FAC66C12923466000643E93 = {
						CreatedOnToolsVersion = 14.1;
					};
				};
			};
			buildConfigurationList = 1FAC66BD2923466000643E93 /* Build configuration list for PBXProject "OcrDemo" */;
			compatibilityVersion = "Xcode 10.0";
			developmentRegion = en;
			hasScannedForEncodings = 0;
			knownRegions = (
				en,
				Base,
			);
			mainGroup = 1FAC66B92923466000643E93;
			productRefGroup = 1FAC66C32923466000643E93 /* Products */;
			projectDirPath = "";
			projectRoot = "";
			targets = (
				1FAC66C12923466000643E93 /* OcrDemo */,
			);
		};
/* End PBXProject section */

/* Begin PBXResourcesBuildPhase section */
		1FAC66C02923466000643E93 /* Resources */ = {
			isa = PBXResourcesBuildPhase;
			buildActionMask = 2147483647;
			files = (
				1FD3F3032925F6F10091227C /* matchf.mp4 in Resources */,
				1FAC66D22923466200643E93 /* LaunchScreen.storyboard in Resources */,
				1F8828162924AE9E007D5158 /* GoogleService-Info.plist in Resources */,
				1FAC66CF2923466200643E93 /* Assets.xcassets in Resources */,
				1FAC66CD2923466000643E93 /* Main.storyboard in Resources */,
			);
			runOnlyForDeploymentPostprocessing = 0;
		};
/* End PBXResourcesBuildPhase section */

/* Begin PBXShellScriptBuildPhase section */
		08AD7DFBD029CCA6B25CAD06 /* [CP] Check Pods Manifest.lock */ = {
			isa = PBXShellScriptBuildPhase;
			buildActionMask = 2147483647;
			files = (
			);
			inputFileListPaths = (
			);
			inputPaths = (
				"${PODS_PODFILE_DIR_PATH}/Podfile.lock",
				"${PODS_ROOT}/Manifest.lock",
			);
			name = "[CP] Check Pods Manifest.lock";
			outputFileListPaths = (
			);
			outputPaths = (
				"$(DERIVED_FILE_DIR)/Pods-OcrDemo-checkManifestLockResult.txt",
			);
			runOnlyForDeploymentPostprocessing = 0;
			shellPath = /bin/sh;
			shellScript = "diff \"${PODS_PODFILE_DIR_PATH}/Podfile.lock\" \"${PODS_ROOT}/Manifest.lock\" > /dev/null\nif [ $? != 0 ] ; then\n    # print error to STDERR\n    echo \"error: The sandbox is not in sync with the Podfile.lock. Run 'pod install' or update your CocoaPods installation.\" >&2\n    exit 1\nfi\n# This output is used by Xcode 'outputs' to avoid re-running this script phase.\necho \"SUCCESS\" > \"${SCRIPT_OUTPUT_FILE_0}\"\n";
			showEnvVarsInLog = 0;
		};
		35338B454E382D76F1DD6454 /* [CP] Embed Pods Frameworks */ = {
			isa = PBXShellScriptBuildPhase;
			buildActionMask = 2147483647;
			files = (
			);
			inputFileListPaths = (
				"${PODS_ROOT}/Target Support Files/Pods-OcrDemo/Pods-OcrDemo-frameworks-${CONFIGURATION}-input-files.xcfilelist",
			);
			name = "[CP] Embed Pods Frameworks";
			outputFileListPaths = (
				"${PODS_ROOT}/Target Support Files/Pods-OcrDemo/Pods-OcrDemo-frameworks-${CONFIGURATION}-output-files.xcfilelist",
			);
			runOnlyForDeploymentPostprocessing = 0;
			shellPath = /bin/sh;
			shellScript = "\"${PODS_ROOT}/Target Support Files/Pods-OcrDemo/Pods-OcrDemo-frameworks.sh\"\n";
			showEnvVarsInLog = 0;
		};
		7DF4512BA286158075A64D46 /* [CP] Copy Pods Resources */ = {
			isa = PBXShellScriptBuildPhase;
			buildActionMask = 2147483647;
			files = (
			);
			inputFileListPaths = (
				"${PODS_ROOT}/Target Support Files/Pods-OcrDemo/Pods-OcrDemo-resources-${CONFIGURATION}-input-files.xcfilelist",
			);
			name = "[CP] Copy Pods Resources";
			outputFileListPaths = (
				"${PODS_ROOT}/Target Support Files/Pods-OcrDemo/Pods-OcrDemo-resources-${CONFIGURATION}-output-files.xcfilelist",
			);
			runOnlyForDeploymentPostprocessing = 0;
			shellPath = /bin/sh;
			shellScript = "\"${PODS_ROOT}/Target Support Files/Pods-OcrDemo/Pods-OcrDemo-resources.sh\"\n";
			showEnvVarsInLog = 0;
		};
/* End PBXShellScriptBuildPhase section */

/* Begin PBXSourcesBuildPhase section */
		1FAC66BE2923466000643E93 /* Sources */ = {
			isa = PBXSourcesBuildPhase;
			buildActionMask = 2147483647;
			files = (
				1FAC66CA2923466000643E93 /* ViewController.swift in Sources */,
				1F4517082924AA8300607DBC /* ScaledElementProcessor.swift in Sources */,
				1FAC66C62923466000643E93 /* AppDelegate.swift in Sources */,
				1FAC66C82923466000643E93 /* SceneDelegate.swift in Sources */,
			);
			runOnlyForDeploymentPostprocessing = 0;
		};
/* End PBXSourcesBuildPhase section */

/* Begin PBXVariantGroup section */
		1FAC66CB2923466000643E93 /* Main.storyboard */ = {
			isa = PBXVariantGroup;
			children = (
				1FAC66CC2923466000643E93 /* Base */,
			);
			name = Main.storyboard;
			sourceTree = "<group>";
		};
		1FAC66D02923466200643E93 /* LaunchScreen.storyboard */ = {
			isa = PBXVariantGroup;
			children = (
				1FAC66D12923466200643E93 /* Base */,
			);
			name = LaunchScreen.storyboard;
			sourceTree = "<group>";
		};
/* End PBXVariantGroup section */

/* Begin XCBuildConfiguration section */
		1FAC66D42923466200643E93 /* Debug */ = {
			isa = XCBuildConfiguration;
			buildSettings = {
				ALWAYS_SEARCH_USER_PATHS = NO;
				CLANG_ANALYZER_NONNULL = YES;
				CLANG_ANALYZER_NUMBER_OBJECT_CONVERSION = YES_AGGRESSIVE;
				CLANG_CXX_LANGUAGE_STANDARD = "gnu++20";
				CLANG_ENABLE_MODULES = YES;
				CLANG_ENABLE_OBJC_ARC = YES;
				CLANG_ENABLE_OBJC_WEAK = YES;
				CLANG_WARN_BLOCK_CAPTURE_AUTORELEASING = YES;
				CLANG_WARN_BOOL_CONVERSION = YES;
				CLANG_WARN_COMMA = YES;
				CLANG_WARN_CONSTANT_CONVERSION = YES;
				CLANG_WARN_DEPRECATED_OBJC_IMPLEMENTATIONS = YES;
				CLANG_WARN_DIRECT_OBJC_ISA_USAGE = YES_ERROR;
				CLANG_WARN_DOCUMENTATION_COMMENTS = YES;
				CLANG_WARN_EMPTY_BODY = YES;
				CLANG_WARN_ENUM_CONVERSION = YES;
				CLANG_WARN_INFINITE_RECURSION = YES;
				CLANG_WARN_INT_CONVERSION = YES;
				CLANG_WARN_NON_LITERAL_NULL_CONVERSION = YES;
				CLANG_WARN_OBJC_IMPLICIT_RETAIN_SELF = YES;
				CLANG_WARN_OBJC_LITERAL_CONVERSION = YES;
				CLANG_WARN_OBJC_ROOT_CLASS = YES_ERROR;
				CLANG_WARN_QUOTED_INCLUDE_IN_FRAMEWORK_HEADER = YES;
				CLANG_WARN_RANGE_LOOP_ANALYSIS = YES;
				CLANG_WARN_STRICT_PROTOTYPES = YES;
				CLANG_WARN_SUSPICIOUS_MOVE = YES;
				CLANG_WARN_UNGUARDED_AVAILABILITY = YES_AGGRESSIVE;
				CLANG_WARN_UNREACHABLE_CODE = YES;
				CLANG_WARN__DUPLICATE_METHOD_MATCH = YES;
				COPY_PHASE_STRIP = NO;
				DEBUG_INFORMATION_FORMAT = dwarf;
				ENABLE_STRICT_OBJC_MSGSEND = YES;
				ENABLE_TESTABILITY = YES;
				GCC_C_LANGUAGE_STANDARD = gnu11;
				GCC_DYNAMIC_NO_PIC = NO;
				GCC_NO_COMMON_BLOCKS = YES;
				GCC_OPTIMIZATION_LEVEL = 0;
				GCC_PREPROCESSOR_DEFINITIONS = (
					"DEBUG=1",
					"$(inherited)",
				);
				GCC_WARN_64_TO_32_BIT_CONVERSION = YES;
				GCC_WARN_ABOUT_RETURN_TYPE = YES_ERROR;
				GCC_WARN_UNDECLARED_SELECTOR = YES;
				GCC_WARN_UNINITIALIZED_AUTOS = YES_AGGRESSIVE;
				GCC_WARN_UNUSED_FUNCTION = YES;
				GCC_WARN_UNUSED_VARIABLE = YES;
				IPHONEOS_DEPLOYMENT_TARGET = 16.1;
				MTL_ENABLE_DEBUG_INFO = INCLUDE_SOURCE;
				MTL_FAST_MATH = YES;
				ONLY_ACTIVE_ARCH = YES;
				SDKROOT = iphoneos;
				SWIFT_ACTIVE_COMPILATION_CONDITIONS = DEBUG;
				SWIFT_OPTIMIZATION_LEVEL = "-Onone";
			};
			name = Debug;
		};
		1FAC66D52923466200643E93 /* Release */ = {
			isa = XCBuildConfiguration;
			buildSettings = {
				ALWAYS_SEARCH_USER_PATHS = NO;
				CLANG_ANALYZER_NONNULL = YES;
				CLANG_ANALYZER_NUMBER_OBJECT_CONVERSION = YES_AGGRESSIVE;
				CLANG_CXX_LANGUAGE_STANDARD = "gnu++20";
				CLANG_ENABLE_MODULES = YES;
				CLANG_ENABLE_OBJC_ARC = YES;
				CLANG_ENABLE_OBJC_WEAK = YES;
				CLANG_WARN_BLOCK_CAPTURE_AUTORELEASING = YES;
				CLANG_WARN_BOOL_CONVERSION = YES;
				CLANG_WARN_COMMA = YES;
				CLANG_WARN_CONSTANT_CONVERSION = YES;
				CLANG_WARN_DEPRECATED_OBJC_IMPLEMENTATIONS = YES;
				CLANG_WARN_DIRECT_OBJC_ISA_USAGE = YES_ERROR;
				CLANG_WARN_DOCUMENTATION_COMMENTS = YES;
				CLANG_WARN_EMPTY_BODY = YES;
				CLANG_WARN_ENUM_CONVERSION = YES;
				CLANG_WARN_INFINITE_RECURSION = YES;
				CLANG_WARN_INT_CONVERSION = YES;
				CLANG_WARN_NON_LITERAL_NULL_CONVERSION = YES;
				CLANG_WARN_OBJC_IMPLICIT_RETAIN_SELF = YES;
				CLANG_WARN_OBJC_LITERAL_CONVERSION = YES;
				CLANG_WARN_OBJC_ROOT_CLASS = YES_ERROR;
				CLANG_WARN_QUOTED_INCLUDE_IN_FRAMEWORK_HEADER = YES;
				CLANG_WARN_RANGE_LOOP_ANALYSIS = YES;
				CLANG_WARN_STRICT_PROTOTYPES = YES;
				CLANG_WARN_SUSPICIOUS_MOVE = YES;
				CLANG_WARN_UNGUARDED_AVAILABILITY = YES_AGGRESSIVE;
				CLANG_WARN_UNREACHABLE_CODE = YES;
				CLANG_WARN__DUPLICATE_METHOD_MATCH = YES;
				COPY_PHASE_STRIP = NO;
				DEBUG_INFORMATION_FORMAT = "dwarf-with-dsym";
				ENABLE_NS_ASSERTIONS = NO;
				ENABLE_STRICT_OBJC_MSGSEND = YES;
				GCC_C_LANGUAGE_STANDARD = gnu11;
				GCC_NO_COMMON_BLOCKS = YES;
				GCC_WARN_64_TO_32_BIT_CONVERSION = YES;
				GCC_WARN_ABOUT_RETURN_TYPE = YES_ERROR;
				GCC_WARN_UNDECLARED_SELECTOR = YES;
				GCC_WARN_UNINITIALIZED_AUTOS = YES_AGGRESSIVE;
				GCC_WARN_UNUSED_FUNCTION = YES;
				GCC_WARN_UNUSED_VARIABLE = YES;
				IPHONEOS_DEPLOYMENT_TARGET = 16.1;
				MTL_ENABLE_DEBUG_INFO = NO;
				MTL_FAST_MATH = YES;
				SDKROOT = iphoneos;
				SWIFT_COMPILATION_MODE = wholemodule;
				SWIFT_OPTIMIZATION_LEVEL = "-O";
				VALIDATE_PRODUCT = YES;
			};
			name = Release;
		};
		1FAC66D72923466200643E93 /* Debug */ = {
			isa = XCBuildConfiguration;
			baseConfigurationReference = 3CC9F7245D991E0A4558EFD1 /* Pods-OcrDemo.debug.xcconfig */;
			buildSettings = {
				ASSETCATALOG_COMPILER_APPICON_NAME = AppIcon;
				ASSETCATALOG_COMPILER_GLOBAL_ACCENT_COLOR_NAME = AccentColor;
				CODE_SIGN_STYLE = Automatic;
				CURRENT_PROJECT_VERSION = 1;
				GENERATE_INFOPLIST_FILE = YES;
				INFOPLIST_FILE = OcrDemo/Info.plist;
				INFOPLIST_KEY_UIApplicationSupportsIndirectInputEvents = YES;
				INFOPLIST_KEY_UILaunchStoryboardName = LaunchScreen;
				INFOPLIST_KEY_UIMainStoryboardFile = Main;
				INFOPLIST_KEY_UISupportedInterfaceOrientations_iPad = "UIInterfaceOrientationPortrait UIInterfaceOrientationPortraitUpsideDown UIInterfaceOrientationLandscapeLeft UIInterfaceOrientationLandscapeRight";
				INFOPLIST_KEY_UISupportedInterfaceOrientations_iPhone = "UIInterfaceOrientationPortrait UIInterfaceOrientationLandscapeLeft UIInterfaceOrientationLandscapeRight";
				IPHONEOS_DEPLOYMENT_TARGET = 14.1;
				LD_RUNPATH_SEARCH_PATHS = (
					"$(inherited)",
					"@executable_path/Frameworks",
				);
				MARKETING_VERSION = 1.0;
				PRODUCT_BUNDLE_IDENTIFIER = com.OcrDemo;
				PRODUCT_NAME = "$(TARGET_NAME)";
				SWIFT_EMIT_LOC_STRINGS = YES;
				SWIFT_VERSION = 5.0;
				TARGETED_DEVICE_FAMILY = "1,2";
			};
			name = Debug;
		};
		1FAC66D82923466200643E93 /* Release */ = {
			isa = XCBuildConfiguration;
			baseConfigurationReference = 0A81DF1E28F29F9EF76971CC /* Pods-OcrDemo.release.xcconfig */;
			buildSettings = {
				ASSETCATALOG_COMPILER_APPICON_NAME = AppIcon;
				ASSETCATALOG_COMPILER_GLOBAL_ACCENT_COLOR_NAME = AccentColor;
				CODE_SIGN_STYLE = Automatic;
				CURRENT_PROJECT_VERSION = 1;
				GENERATE_INFOPLIST_FILE = YES;
				INFOPLIST_FILE = OcrDemo/Info.plist;
				INFOPLIST_KEY_UIApplicationSupportsIndirectInputEvents = YES;
				INFOPLIST_KEY_UILaunchStoryboardName = LaunchScreen;
				INFOPLIST_KEY_UIMainStoryboardFile = Main;
				INFOPLIST_KEY_UISupportedInterfaceOrientations_iPad = "UIInterfaceOrientationPortrait UIInterfaceOrientationPortraitUpsideDown UIInterfaceOrientationLandscapeLeft UIInterfaceOrientationLandscapeRight";
				INFOPLIST_KEY_UISupportedInterfaceOrientations_iPhone = "UIInterfaceOrientationPortrait UIInterfaceOrientationLandscapeLeft UIInterfaceOrientationLandscapeRight";
				IPHONEOS_DEPLOYMENT_TARGET = 14.1;
				LD_RUNPATH_SEARCH_PATHS = (
					"$(inherited)",
					"@executable_path/Frameworks",
				);
				MARKETING_VERSION = 1.0;
				PRODUCT_BUNDLE_IDENTIFIER = com.OcrDemo;
				PRODUCT_NAME = "$(TARGET_NAME)";
				SWIFT_EMIT_LOC_STRINGS = YES;
				SWIFT_VERSION = 5.0;
				TARGETED_DEVICE_FAMILY = "1,2";
			};
			name = Release;
		};
/* End XCBuildConfiguration section */

/* Begin XCConfigurationList section */
		1FAC66BD2923466000643E93 /* Build configuration list for PBXProject "OcrDemo" */ = {
			isa = XCConfigurationList;
			buildConfigurations = (
				1FAC66D42923466200643E93 /* Debug */,
				1FAC66D52923466200643E93 /* Release */,
			);
			defaultConfigurationIsVisible = 0;
			defaultConfigurationName = Release;
		};
		1FAC66D62923466200643E93 /* Build configuration list for PBXNativeTarget "OcrDemo" */ = {
			isa = XCConfigurationList;
			buildConfigurations = (
				1FAC66D72923466200643E93 /* Debug */,
				1FAC66D82923466200643E93 /* Release */,
			);
			defaultConfigurationIsVisible = 0;
			defaultConfigurationName = Release;
		};
/* End XCConfigurationList section */
	};
	rootObject = 1FAC66BA2923466000643E93 /* Project object */;
}
